
Microsoft Visual Studio Solution File, Format Version 12.00
# Visual Studio 15
VisualStudioVersion = 15.0.26124.0
MinimumVisualStudioVersion = 15.0.26124.0
Project("{FAE04EC0-301F-11D3-BF4B-00C04F79EFBC}") = "Bq.Tests", "Bq.Tests\Bq.Tests.csproj", "{99684903-A8A6-4E85-82F1-E2A23087CC3F}"
EndProject
Project("{FAE04EC0-301F-11D3-BF4B-00C04F79EFBC}") = "Bq.Core", "Bq.Core\Bq.Core.csproj", "{2D4E3F16-5CC4-4141-A996-15259F974A3D}"
EndProject
Project("{FAE04EC0-301F-11D3-BF4B-00C04F79EFBC}") = "Bq", "Bq\Bq.csproj", "{CA8A34E6-12E1-4AB3-A4CF-27B52995E017}"
EndProject
Project("{FAE04EC0-301F-11D3-BF4B-00C04F79EFBC}") = "Bq.Tests.Integration", "Bq.Tests.Integration\Bq.Tests.Integration.csproj", "{7F8E7660-6C68-4DAE-9ACD-06A6B5B47917}"
EndProject
Global
	GlobalSection(SolutionConfigurationPlatforms) = preSolution
		Debug|Any CPU = Debug|Any CPU
		Debug|x64 = Debug|x64
		Debug|x86 = Debug|x86
		Release|Any CPU = Release|Any CPU
		Release|x64 = Release|x64
		Release|x86 = Release|x86
	EndGlobalSection
	GlobalSection(SolutionProperties) = preSolution
		HideSolutionNode = FALSE
	EndGlobalSection
	GlobalSection(ProjectConfigurationPlatforms) = postSolution
		{99684903-A8A6-4E85-82F1-E2A23087CC3F}.Debug|Any CPU.ActiveCfg = Debug|Any CPU
		{99684903-A8A6-4E85-82F1-E2A23087CC3F}.Debug|Any CPU.Build.0 = Debug|Any CPU
		{99684903-A8A6-4E85-82F1-E2A23087CC3F}.Debug|x64.ActiveCfg = Debug|Any CPU
		{99684903-A8A6-4E85-82F1-E2A23087CC3F}.Debug|x64.Build.0 = Debug|Any CPU
		{99684903-A8A6-4E85-82F1-E2A23087CC3F}.Debug|x86.ActiveCfg = Debug|Any CPU
		{99684903-A8A6-4E85-82F1-E2A23087CC3F}.Debug|x86.Build.0 = Debug|Any CPU
		{99684903-A8A6-4E85-82F1-E2A23087CC3F}.Release|Any CPU.ActiveCfg = Release|Any CPU
		{99684903-A8A6-4E85-82F1-E2A23087CC3F}.Release|Any CPU.Build.0 = Release|Any CPU
		{99684903-A8A6-4E85-82F1-E2A23087CC3F}.Release|x64.ActiveCfg = Release|Any CPU
		{99684903-A8A6-4E85-82F1-E2A23087CC3F}.Release|x64.Build.0 = Release|Any CPU
		{99684903-A8A6-4E85-82F1-E2A23087CC3F}.Release|x86.ActiveCfg = Release|Any CPU
		{99684903-A8A6-4E85-82F1-E2A23087CC3F}.Release|x86.Build.0 = Release|Any CPU
		{2D4E3F16-5CC4-4141-A996-15259F974A3D}.Debug|Any CPU.ActiveCfg = Debug|Any CPU
		{2D4E3F16-5CC4-4141-A996-15259F974A3D}.Debug|Any CPU.Build.0 = Debug|Any CPU
		{2D4E3F16-5CC4-4141-A996-15259F974A3D}.Debug|x64.ActiveCfg = Debug|Any CPU
		{2D4E3F16-5CC4-4141-A996-15259F974A3D}.Debug|x64.Build.0 = Debug|Any CPU
		{2D4E3F16-5CC4-4141-A996-15259F974A3D}.Debug|x86.ActiveCfg = Debug|Any CPU
		{2D4E3F16-5CC4-4141-A996-15259F974A3D}.Debug|x86.Build.0 = Debug|Any CPU
		{2D4E3F16-5CC4-4141-A996-15259F974A3D}.Release|Any CPU.ActiveCfg = Release|Any CPU
		{2D4E3F16-5CC4-4141-A996-15259F974A3D}.Release|Any CPU.Build.0 = Release|Any CPU
		{2D4E3F16-5CC4-4141-A996-15259F974A3D}.Release|x64.ActiveCfg = Release|Any CPU
		{2D4E3F16-5CC4-4141-A996-15259F974A3D}.Release|x64.Build.0 = Release|Any CPU
		{2D4E3F16-5CC4-4141-A996-15259F974A3D}.Release|x86.ActiveCfg = Release|Any CPU
		{2D4E3F16-5CC4-4141-A996-15259F974A3D}.Release|x86.Build.0 = Release|Any CPU
		{CA8A34E6-12E1-4AB3-A4CF-27B52995E017}.Debug|Any CPU.ActiveCfg = Debug|Any CPU
		{CA8A34E6-12E1-4AB3-A4CF-27B52995E017}.Debug|Any CPU.Build.0 = Debug|Any CPU
		{CA8A34E6-12E1-4AB3-A4CF-27B52995E017}.Debug|x64.ActiveCfg = Debug|Any CPU
		{CA8A34E6-12E1-4AB3-A4CF-27B52995E017}.Debug|x64.Build.0 = Debug|Any CPU
		{CA8A34E6-12E1-4AB3-A4CF-27B52995E017}.Debug|x86.ActiveCfg = Debug|Any CPU
		{CA8A34E6-12E1-4AB3-A4CF-27B52995E017}.Debug|x86.Build.0 = Debug|Any CPU
		{CA8A34E6-12E1-4AB3-A4CF-27B52995E017}.Release|Any CPU.ActiveCfg = Release|Any CPU
		{CA8A34E6-12E1-4AB3-A4CF-27B52995E017}.Release|Any CPU.Build.0 = Release|Any CPU
		{CA8A34E6-12E1-4AB3-A4CF-27B52995E017}.Release|x64.ActiveCfg = Release|Any CPU
		{CA8A34E6-12E1-4AB3-A4CF-27B52995E017}.Release|x64.Build.0 = Release|Any CPU
		{CA8A34E6-12E1-4AB3-A4CF-27B52995E017}.Release|x86.ActiveCfg = Release|Any CPU
		{CA8A34E6-12E1-4AB3-A4CF-27B52995E017}.Release|x86.Build.0 = Release|Any CPU
		{7F8E7660-6C68-4DAE-9ACD-06A6B5B47917}.Debug|Any CPU.ActiveCfg = Debug|Any CPU
		{7F8E7660-6C68-4DAE-9ACD-06A6B5B47917}.Debug|Any CPU.Build.0 = Debug|Any CPU
		{7F8E7660-6C68-4DAE-9ACD-06A6B5B47917}.Debug|x64.ActiveCfg = Debug|Any CPU
		{7F8E7660-6C68-4DAE-9ACD-06A6B5B47917}.Debug|x64.Build.0 = Debug|Any CPU
		{7F8E7660-6C68-4DAE-9ACD-06A6B5B47917}.Debug|x86.ActiveCfg = Debug|Any CPU
		{7F8E7660-6C68-4DAE-9ACD-06A6B5B47917}.Debug|x86.Build.0 = Debug|Any CPU
		{7F8E7660-6C68-4DAE-9ACD-06A6B5B47917}.Release|Any CPU.ActiveCfg = Release|Any CPU
		{7F8E7660-6C68-4DAE-9ACD-06A6B5B47917}.Release|Any CPU.Build.0 = Release|Any CPU
		{7F8E7660-6C68-4DAE-9ACD-06A6B5B47917}.Release|x64.ActiveCfg = Release|Any CPU
		{7F8E7660-6C68-4DAE-9ACD-06A6B5B47917}.Release|x64.Build.0 = Release|Any CPU
		{7F8E7660-6C68-4DAE-9ACD-06A6B5B47917}.Release|x86.ActiveCfg = Release|Any CPU
		{7F8E7660-6C68-4DAE-9ACD-06A6B5B47917}.Release|x86.Build.0 = Release|Any CPU
	EndGlobalSection
EndGlobal
